
Microsoft Visual Studio Solution File, Format Version 12.00
# Visual Studio 15
VisualStudioVersion = 15.0.28307.489
MinimumVisualStudioVersion = 10.0.40219.1
Project("{8BC9CEB8-8B4A-11D0-8D11-00A0C91BC942}") = "RawLab", "RawLab\RawLab.vcxproj", "{B12702AD-ABFB-343A-A199-8E24837244A3}"
	ProjectSection(ProjectDependencies) = postProject
		{019DBD2A-273D-4BA4-BF86-B5EFE2ED76B1} = {019DBD2A-273D-4BA4-BF86-B5EFE2ED76B1}
		{1D6039F6-5078-416F-A3AF-A36EFC7E6A1C} = {1D6039F6-5078-416F-A3AF-A36EFC7E6A1C}
	EndProjectSection
EndProject
Project("{8BC9CEB8-8B4A-11D0-8D11-00A0C91BC942}") = "jpeg", "jpeg-9c\jpeg.vcxproj", "{019DBD2A-273D-4BA4-BF86-B5EFE2ED76B1}"
EndProject
Project("{8BC9CEB8-8B4A-11D0-8D11-00A0C91BC942}") = "libiconv", "libiconv-1.16\windows\VC17\libiconv.vcxproj", "{CF2A0D5A-CE41-421E-845B-E538C367776D}"
EndProject
Project("{8BC9CEB8-8B4A-11D0-8D11-00A0C91BC942}") = "libxml2", "libxml2-2.9.9\win32\VC10\libxml2.vcxproj", "{1D6039F6-5078-416F-A3AF-A36EFC7E6A1C}"
	ProjectSection(ProjectDependencies) = postProject
		{CF2A0D5A-CE41-421E-845B-E538C367776D} = {CF2A0D5A-CE41-421E-845B-E538C367776D}
	EndProjectSection
EndProject
Project("{8BC9CEB8-8B4A-11D0-8D11-00A0C91BC942}") = "RawSpeed", "RawSpeed\RawSpeed\RawSpeed.vcxproj", "{482A0ABF-1AE3-4EE4-815A-428880DAE0C6}"
	ProjectSection(ProjectDependencies) = postProject
		{019DBD2A-273D-4BA4-BF86-B5EFE2ED76B1} = {019DBD2A-273D-4BA4-BF86-B5EFE2ED76B1}
		{CF2A0D5A-CE41-421E-845B-E538C367776D} = {CF2A0D5A-CE41-421E-845B-E538C367776D}
		{1D6039F6-5078-416F-A3AF-A36EFC7E6A1C} = {1D6039F6-5078-416F-A3AF-A36EFC7E6A1C}
	EndProjectSection
EndProject
Project("{8BC9CEB8-8B4A-11D0-8D11-00A0C91BC942}") = "lcms2_DLL", "lcms2-2.9\Projects\VC2017\lcms2_DLL\lcms2_DLL.vcxproj", "{8C51BE48-ADB8-4089-A9EC-F6BF993A0548}"
EndProject
Project("{8BC9CEB8-8B4A-11D0-8D11-00A0C91BC942}") = "libraw", "LibRaw\buildfiles\libraw.vcxproj", "{767E57ED-6D37-32A1-B51E-C39E7C1CD02A}"
	ProjectSection(ProjectDependencies) = postProject
		{019DBD2A-273D-4BA4-BF86-B5EFE2ED76B1} = {019DBD2A-273D-4BA4-BF86-B5EFE2ED76B1}
		{8C51BE48-ADB8-4089-A9EC-F6BF993A0548} = {8C51BE48-ADB8-4089-A9EC-F6BF993A0548}
		{CF2A0D5A-CE41-421E-845B-E538C367776D} = {CF2A0D5A-CE41-421E-845B-E538C367776D}
		{482A0ABF-1AE3-4EE4-815A-428880DAE0C6} = {482A0ABF-1AE3-4EE4-815A-428880DAE0C6}
		{1D6039F6-5078-416F-A3AF-A36EFC7E6A1C} = {1D6039F6-5078-416F-A3AF-A36EFC7E6A1C}
	EndProjectSection
EndProject
Global
	GlobalSection(SolutionConfigurationPlatforms) = preSolution
		Debug|x64 = Debug|x64
		Debug|x86 = Debug|x86
		Release|x64 = Release|x64
		Release|x86 = Release|x86
	EndGlobalSection
	GlobalSection(ProjectConfigurationPlatforms) = postSolution
		{B12702AD-ABFB-343A-A199-8E24837244A3}.Debug|x64.ActiveCfg = Debug|x64
		{B12702AD-ABFB-343A-A199-8E24837244A3}.Debug|x64.Build.0 = Debug|x64
		{B12702AD-ABFB-343A-A199-8E24837244A3}.Debug|x86.ActiveCfg = Debug|Win32
		{B12702AD-ABFB-343A-A199-8E24837244A3}.Debug|x86.Build.0 = Debug|Win32
		{B12702AD-ABFB-343A-A199-8E24837244A3}.Release|x64.ActiveCfg = Release|x64
		{B12702AD-ABFB-343A-A199-8E24837244A3}.Release|x64.Build.0 = Release|x64
		{B12702AD-ABFB-343A-A199-8E24837244A3}.Release|x86.ActiveCfg = Release|Win32
		{B12702AD-ABFB-343A-A199-8E24837244A3}.Release|x86.Build.0 = Release|Win32
		{019DBD2A-273D-4BA4-BF86-B5EFE2ED76B1}.Debug|x64.ActiveCfg = Debug|x64
		{019DBD2A-273D-4BA4-BF86-B5EFE2ED76B1}.Debug|x64.Build.0 = Debug|x64
		{019DBD2A-273D-4BA4-BF86-B5EFE2ED76B1}.Debug|x86.ActiveCfg = Debug|Win32
		{019DBD2A-273D-4BA4-BF86-B5EFE2ED76B1}.Debug|x86.Build.0 = Debug|Win32
		{019DBD2A-273D-4BA4-BF86-B5EFE2ED76B1}.Release|x64.ActiveCfg = Release|x64
		{019DBD2A-273D-4BA4-BF86-B5EFE2ED76B1}.Release|x64.Build.0 = Release|x64
		{019DBD2A-273D-4BA4-BF86-B5EFE2ED76B1}.Release|x86.ActiveCfg = Release|Win32
		{019DBD2A-273D-4BA4-BF86-B5EFE2ED76B1}.Release|x86.Build.0 = Release|Win32
		{CF2A0D5A-CE41-421E-845B-E538C367776D}.Debug|x64.ActiveCfg = Debug|x64
		{CF2A0D5A-CE41-421E-845B-E538C367776D}.Debug|x64.Build.0 = Debug|x64
		{CF2A0D5A-CE41-421E-845B-E538C367776D}.Debug|x86.ActiveCfg = Debug|Win32
		{CF2A0D5A-CE41-421E-845B-E538C367776D}.Debug|x86.Build.0 = Debug|Win32
		{CF2A0D5A-CE41-421E-845B-E538C367776D}.Release|x64.ActiveCfg = Release|x64
		{CF2A0D5A-CE41-421E-845B-E538C367776D}.Release|x64.Build.0 = Release|x64
		{CF2A0D5A-CE41-421E-845B-E538C367776D}.Release|x86.ActiveCfg = Release|Win32
		{CF2A0D5A-CE41-421E-845B-E538C367776D}.Release|x86.Build.0 = Release|Win32
		{1D6039F6-5078-416F-A3AF-A36EFC7E6A1C}.Debug|x64.ActiveCfg = Debug|x64
		{1D6039F6-5078-416F-A3AF-A36EFC7E6A1C}.Debug|x64.Build.0 = Debug|x64
		{1D6039F6-5078-416F-A3AF-A36EFC7E6A1C}.Debug|x86.ActiveCfg = Debug|Win32
		{1D6039F6-5078-416F-A3AF-A36EFC7E6A1C}.Debug|x86.Build.0 = Debug|Win32
		{1D6039F6-5078-416F-A3AF-A36EFC7E6A1C}.Release|x64.ActiveCfg = Release|x64
		{1D6039F6-5078-416F-A3AF-A36EFC7E6A1C}.Release|x64.Build.0 = Release|x64
		{1D6039F6-5078-416F-A3AF-A36EFC7E6A1C}.Release|x86.ActiveCfg = Release|Win32
		{1D6039F6-5078-416F-A3AF-A36EFC7E6A1C}.Release|x86.Build.0 = Release|Win32
		{482A0ABF-1AE3-4EE4-815A-428880DAE0C6}.Debug|x64.ActiveCfg = Debug|x64
		{482A0ABF-1AE3-4EE4-815A-428880DAE0C6}.Debug|x64.Build.0 = Debug|x64
		{482A0ABF-1AE3-4EE4-815A-428880DAE0C6}.Debug|x86.ActiveCfg = Debug|Win32
		{482A0ABF-1AE3-4EE4-815A-428880DAE0C6}.Debug|x86.Build.0 = Debug|Win32
		{482A0ABF-1AE3-4EE4-815A-428880DAE0C6}.Release|x64.ActiveCfg = Release|x64
		{482A0ABF-1AE3-4EE4-815A-428880DAE0C6}.Release|x64.Build.0 = Release|x64
		{482A0ABF-1AE3-4EE4-815A-428880DAE0C6}.Release|x86.ActiveCfg = Release|Win32
		{482A0ABF-1AE3-4EE4-815A-428880DAE0C6}.Release|x86.Build.0 = Release|Win32
		{8C51BE48-ADB8-4089-A9EC-F6BF993A0548}.Debug|x64.ActiveCfg = Debug|x64
		{8C51BE48-ADB8-4089-A9EC-F6BF993A0548}.Debug|x64.Build.0 = Debug|x64
		{8C51BE48-ADB8-4089-A9EC-F6BF993A0548}.Debug|x86.ActiveCfg = Debug|Win32
		{8C51BE48-ADB8-4089-A9EC-F6BF993A0548}.Debug|x86.Build.0 = Debug|Win32
		{8C51BE48-ADB8-4089-A9EC-F6BF993A0548}.Release|x64.ActiveCfg = Release|x64
		{8C51BE48-ADB8-4089-A9EC-F6BF993A0548}.Release|x64.Build.0 = Release|x64
		{8C51BE48-ADB8-4089-A9EC-F6BF993A0548}.Release|x86.ActiveCfg = Release|Win32
		{8C51BE48-ADB8-4089-A9EC-F6BF993A0548}.Release|x86.Build.0 = Release|Win32
		{767E57ED-6D37-32A1-B51E-C39E7C1CD02A}.Debug|x64.ActiveCfg = Debug|x64
		{767E57ED-6D37-32A1-B51E-C39E7C1CD02A}.Debug|x64.Build.0 = Debug|x64
		{767E57ED-6D37-32A1-B51E-C39E7C1CD02A}.Debug|x86.ActiveCfg = Debug|Win32
		{767E57ED-6D37-32A1-B51E-C39E7C1CD02A}.Debug|x86.Build.0 = Debug|Win32
		{767E57ED-6D37-32A1-B51E-C39E7C1CD02A}.Release|x64.ActiveCfg = Release|x64
		{767E57ED-6D37-32A1-B51E-C39E7C1CD02A}.Release|x64.Build.0 = Release|x64
		{767E57ED-6D37-32A1-B51E-C39E7C1CD02A}.Release|x86.ActiveCfg = Release|Win32
		{767E57ED-6D37-32A1-B51E-C39E7C1CD02A}.Release|x86.Build.0 = Release|Win32
	EndGlobalSection
	GlobalSection(SolutionProperties) = preSolution
		HideSolutionNode = FALSE
	EndGlobalSection
	GlobalSection(ExtensibilityGlobals) = postSolution
		SolutionGuid = {52B3C3D9-A7BD-41B9-B4C7-9F87C5107632}
	EndGlobalSection
EndGlobal
